<?xml version="1.0" encoding="UTF-8" standalone="yes" ?>
<CodeBlocks_project_file>
	<FileVersion major="1" minor="6" />
	<Project>
		<Option title="sac" />
		<Option pch_mode="2" />
		<Option compiler="gcc" />
		<Build>
			<Target title="Debug">
				<Option output="bin/Debug/sac" prefix_auto="1" extension_auto="1" />
				<Option object_output="obj/Debug/" />
				<Option type="1" />
				<Option compiler="gcc" />
				<Option parameters="--encode C:\Code\death2.wav c:\code\test3.sac" />
				<Compiler>
					<Add option="-Wall" />
					<Add option="-std=c++11" />
					<Add option="-g" />
				</Compiler>
			</Target>
			<Target title="Release">
				<Option output="bin/Release/sac" prefix_auto="1" extension_auto="1" />
				<Option object_output="obj/Release/" />
				<Option type="1" />
				<Option compiler="gcc" />
				<Option parameters="--encode --fast C:\Coding\death2.wav c:\coding\death2.sac" />
				<Compiler>
					<Add option="-O2" />
					<Add option="-std=c++11" />
				</Compiler>
				<Linker>
					<Add option="-s" />
				</Linker>
			</Target>
		</Build>
		<Compiler>
			<Add option="-Wall" />
			<Add option="-fexceptions" />
		</Compiler>
		<Unit filename="src/codec.cpp" />
		<Unit filename="src/codec.h" />
		<Unit filename="src/coder/bufio.h" />
		<Unit filename="src/coder/map.cpp" />
		<Unit filename="src/coder/map.h" />
		<Unit filename="src/coder/range.cpp" />
		<Unit filename="src/coder/range.h" />
		<Unit filename="src/coder/vle.cpp" />
		<Unit filename="src/coder/vle.h" />
		<Unit filename="src/common/histbuf.h" />
		<Unit filename="src/common/rand.h" />
		<Unit filename="src/common/timer.h" />
		<Unit filename="src/file/file.cpp" />
		<Unit filename="src/file/file.h" />
		<Unit filename="src/file/sac.cpp" />
		<Unit filename="src/file/sac.h" />
		<Unit filename="src/file/wav.cpp" />
		<Unit filename="src/file/wav.h" />
		<Unit filename="src/global.h" />
		<Unit filename="src/main.cpp" />
		<Unit filename="src/math/cholesky.cpp" />
		<Unit filename="src/math/cholesky.h" />
		<Unit filename="src/math/cov.h" />
		<Unit filename="src/math/matrix.h" />
		<Unit filename="src/model/counter.h" />
		<Unit filename="src/model/domain.h" />
		<Unit filename="src/model/mixer.h" />
		<Unit filename="src/model/model.h" />
		<Unit filename="src/model/sse.h" />
		<Unit filename="src/pred/bias.h" />
		<Unit filename="src/pred/blend.h" />
		<Unit filename="src/pred/lpc.h" />
		<Unit filename="src/pred/nlms.h" />
		<Unit filename="src/pred/rbf.h" />
		<Unit filename="src/pred/rls.cpp" />
		<Unit filename="src/pred/rls.h" />
		<Unit filename="src/profile.cpp" />
		<Unit filename="src/profile.h" />
		<Unit filename="src/utils.h" />
		<Extensions>
			<code_completion />
			<envvars />
			<debugger />
			<lib_finder disable_auto="1" />
		</Extensions>
	</Project>
</CodeBlocks_project_file>
