<?xml version="1.0" encoding="UTF-8" standalone="yes" ?>
<CodeBlocks_project_file>
	<FileVersion major="1" minor="6" />
	<Project>
		<Option title="sac" />
		<Option pch_mode="2" />
		<Option compiler="gcc" />
		<Build>
			<Target title="Debug">
				<Option output="bin/Debug/sac" prefix_auto="1" extension_auto="1" />
				<Option object_output="obj/Debug/" />
				<Option type="1" />
				<Option compiler="gcc" />
				<Option parameters="--decode C:\Code\Gorgoroth.sac c:\code\temp.wav" />
				<Compiler>
					<Add option="-Wall" />
					<Add option="-std=c++11" />
					<Add option="-g" />
				</Compiler>
			</Target>
			<Target title="Release">
				<Option output="bin/Release/sac" prefix_auto="1" extension_auto="1" />
				<Option object_output="obj/Release/" />
				<Option type="1" />
				<Option compiler="gcc" />
				<Compiler>
					<Add option="-O2" />
					<Add option="-std=c++11" />
				</Compiler>
				<Linker>
					<Add option="-s" />
				</Linker>
			</Target>
		</Build>
		<Compiler>
			<Add option="-Wall" />
			<Add option="-fexceptions" />
		</Compiler>
		<Unit filename="src/codec.cpp" />
		<Unit filename="src/codec.h" />
		<Unit filename="src/coder/bufio.h" />
		<Unit filename="src/coder/counter.h" />
		<Unit filename="src/coder/range.cpp" />
		<Unit filename="src/coder/range.h" />
		<Unit filename="src/coder/rice.h" />
		<Unit filename="src/file/file.cpp" />
		<Unit filename="src/file/file.h" />
		<Unit filename="src/file/sac.cpp" />
		<Unit filename="src/file/sac.h" />
		<Unit filename="src/file/wav.cpp" />
		<Unit filename="src/file/wav.h" />
		<Unit filename="src/global.h" />
		<Unit filename="src/main.cpp" />
		<Unit filename="src/pred/predictor.cpp" />
		<Unit filename="src/pred/predictor.h" />
		<Unit filename="src/utils.h" />
		<Extensions>
			<code_completion />
			<envvars />
			<debugger />
			<lib_finder disable_auto="1" />
		</Extensions>
	</Project>
</CodeBlocks_project_file>
